
Microsoft Visual Studio Solution File, Format Version 12.00
# Visual Studio Version 17
VisualStudioVersion = 17.2.32616.157
MinimumVisualStudioVersion = 10.0.40219.1
Project("{FAE04EC0-301F-11D3-BF4B-00C04F79EFBC}") = "Otus8_collections", "Otus8_collections\Otus8_collections.csproj", "{1A5C84DB-D981-47FC-A47A-B0D7F3AD9456}"
EndProject
Global
	GlobalSection(SolutionConfigurationPlatforms) = preSolution
		Debug|Any CPU = Debug|Any CPU
		Release|Any CPU = Release|Any CPU
	EndGlobalSection
	GlobalSection(ProjectConfigurationPlatforms) = postSolution
		{1A5C84DB-D981-47FC-A47A-B0D7F3AD9456}.Debug|Any CPU.ActiveCfg = Debug|Any CPU
		{1A5C84DB-D981-47FC-A47A-B0D7F3AD9456}.Debug|Any CPU.Build.0 = Debug|Any CPU
		{1A5C84DB-D981-47FC-A47A-B0D7F3AD9456}.Release|Any CPU.ActiveCfg = Release|Any CPU
		{1A5C84DB-D981-47FC-A47A-B0D7F3AD9456}.Release|Any CPU.Build.0 = Release|Any CPU
	EndGlobalSection
	GlobalSection(SolutionProperties) = preSolution
		HideSolutionNode = FALSE
	EndGlobalSection
	GlobalSection(ExtensibilityGlobals) = postSolution
		SolutionGuid = {90D52AD2-6C39-41A7-9035-1244C357ED3E}
	EndGlobalSection
EndGlobal
